
Microsoft Visual Studio Solution File, Format Version 12.00
# Visual Studio Version 17
VisualStudioVersion = 17.4.33205.214
MinimumVisualStudioVersion = 10.0.40219.1
Project("{9A19103F-16F7-4668-BE54-9A1E7A4F7556}") = "PersonalAccountingBackend", "PersonalAccountingBackend\PersonalAccountingBackend.csproj", "{C5A1332F-0A3D-46A7-8E3B-42F92187387C}"
EndProject
Project("{54A90642-561A-4BB1-A94E-469ADEE60C69}") = "PersonalAccountingWEB", "PersonalAccountingWEB\PersonalAccountingWEB.esproj", "{1A358588-3707-4E82-9625-BD4BD77655D3}"
EndProject
Project("{9A19103F-16F7-4668-BE54-9A1E7A4F7556}") = "Infrastructure", "Infrastructure\Infrastructure.csproj", "{81F0BE07-430D-411A-9A6C-6A8E41598CE4}"
EndProject
Project("{9A19103F-16F7-4668-BE54-9A1E7A4F7556}") = "Entities", "Entities\Entities.csproj", "{1C0E3C36-5F31-4EE1-A4D8-240480E3481B}"
EndProject
Project("{9A19103F-16F7-4668-BE54-9A1E7A4F7556}") = "Repository", "Repository\Repository.csproj", "{5A115799-835B-4DA3-85D0-31C4CB98517D}"
EndProject
Project("{9A19103F-16F7-4668-BE54-9A1E7A4F7556}") = "Application", "Application\Application.csproj", "{672B6EF6-0AB7-445F-83D7-CE607492607C}"
EndProject
Project("{9A19103F-16F7-4668-BE54-9A1E7A4F7556}") = "Shared", "Shared\Shared.csproj", "{A370BF5A-5B4B-4A82-B331-1C7A351C687C}"
EndProject
Project("{E53339B2-1760-4266-BCC7-CA923CBCF16C}") = "docker-compose", "docker-compose.dcproj", "{21DA6492-9B51-4551-8DFA-67B52D592FE6}"
EndProject
Global
	GlobalSection(SolutionConfigurationPlatforms) = preSolution
		Debug|Any CPU = Debug|Any CPU
		Release|Any CPU = Release|Any CPU
	EndGlobalSection
	GlobalSection(ProjectConfigurationPlatforms) = postSolution
		{C5A1332F-0A3D-46A7-8E3B-42F92187387C}.Debug|Any CPU.ActiveCfg = Debug|Any CPU
		{C5A1332F-0A3D-46A7-8E3B-42F92187387C}.Debug|Any CPU.Build.0 = Debug|Any CPU
		{C5A1332F-0A3D-46A7-8E3B-42F92187387C}.Release|Any CPU.ActiveCfg = Release|Any CPU
		{C5A1332F-0A3D-46A7-8E3B-42F92187387C}.Release|Any CPU.Build.0 = Release|Any CPU
		{1A358588-3707-4E82-9625-BD4BD77655D3}.Debug|Any CPU.ActiveCfg = Debug|Any CPU
		{1A358588-3707-4E82-9625-BD4BD77655D3}.Debug|Any CPU.Build.0 = Debug|Any CPU
		{1A358588-3707-4E82-9625-BD4BD77655D3}.Debug|Any CPU.Deploy.0 = Debug|Any CPU
		{1A358588-3707-4E82-9625-BD4BD77655D3}.Release|Any CPU.ActiveCfg = Release|Any CPU
		{1A358588-3707-4E82-9625-BD4BD77655D3}.Release|Any CPU.Build.0 = Release|Any CPU
		{81F0BE07-430D-411A-9A6C-6A8E41598CE4}.Debug|Any CPU.ActiveCfg = Debug|Any CPU
		{81F0BE07-430D-411A-9A6C-6A8E41598CE4}.Debug|Any CPU.Build.0 = Debug|Any CPU
		{81F0BE07-430D-411A-9A6C-6A8E41598CE4}.Release|Any CPU.ActiveCfg = Release|Any CPU
		{81F0BE07-430D-411A-9A6C-6A8E41598CE4}.Release|Any CPU.Build.0 = Release|Any CPU
		{1C0E3C36-5F31-4EE1-A4D8-240480E3481B}.Debug|Any CPU.ActiveCfg = Debug|Any CPU
		{1C0E3C36-5F31-4EE1-A4D8-240480E3481B}.Debug|Any CPU.Build.0 = Debug|Any CPU
		{1C0E3C36-5F31-4EE1-A4D8-240480E3481B}.Release|Any CPU.ActiveCfg = Release|Any CPU
		{1C0E3C36-5F31-4EE1-A4D8-240480E3481B}.Release|Any CPU.Build.0 = Release|Any CPU
		{5A115799-835B-4DA3-85D0-31C4CB98517D}.Debug|Any CPU.ActiveCfg = Debug|Any CPU
		{5A115799-835B-4DA3-85D0-31C4CB98517D}.Debug|Any CPU.Build.0 = Debug|Any CPU
		{5A115799-835B-4DA3-85D0-31C4CB98517D}.Release|Any CPU.ActiveCfg = Release|Any CPU
		{5A115799-835B-4DA3-85D0-31C4CB98517D}.Release|Any CPU.Build.0 = Release|Any CPU
		{672B6EF6-0AB7-445F-83D7-CE607492607C}.Debug|Any CPU.ActiveCfg = Debug|Any CPU
		{672B6EF6-0AB7-445F-83D7-CE607492607C}.Debug|Any CPU.Build.0 = Debug|Any CPU
		{672B6EF6-0AB7-445F-83D7-CE607492607C}.Release|Any CPU.ActiveCfg = Release|Any CPU
		{672B6EF6-0AB7-445F-83D7-CE607492607C}.Release|Any CPU.Build.0 = Release|Any CPU
		{A370BF5A-5B4B-4A82-B331-1C7A351C687C}.Debug|Any CPU.ActiveCfg = Debug|Any CPU
		{A370BF5A-5B4B-4A82-B331-1C7A351C687C}.Debug|Any CPU.Build.0 = Debug|Any CPU
		{A370BF5A-5B4B-4A82-B331-1C7A351C687C}.Release|Any CPU.ActiveCfg = Release|Any CPU
		{A370BF5A-5B4B-4A82-B331-1C7A351C687C}.Release|Any CPU.Build.0 = Release|Any CPU
		{21DA6492-9B51-4551-8DFA-67B52D592FE6}.Debug|Any CPU.ActiveCfg = Debug|Any CPU
		{21DA6492-9B51-4551-8DFA-67B52D592FE6}.Debug|Any CPU.Build.0 = Debug|Any CPU
		{21DA6492-9B51-4551-8DFA-67B52D592FE6}.Release|Any CPU.ActiveCfg = Release|Any CPU
		{21DA6492-9B51-4551-8DFA-67B52D592FE6}.Release|Any CPU.Build.0 = Release|Any CPU
	EndGlobalSection
	GlobalSection(SolutionProperties) = preSolution
		HideSolutionNode = FALSE
	EndGlobalSection
	GlobalSection(ExtensibilityGlobals) = postSolution
		SolutionGuid = {D2353469-5A55-4C07-8A4D-CF701617FDCF}
	EndGlobalSection
EndGlobal
